dependencies:
- name: rabbitmq
  repository: https://charts.bitnami.com/bitnami
  version: 11.1.1
- name: mongodb
  repository: file://../mongodb
  version: 1.0.0
- name: backend
  repository: file://../backend
  version: 1.0.0
- name: ui
  repository: file://../ui
  version: 1.0.0
digest: sha256:bfab7971f1a6f0d7c773138d2ab2305368bd31ec23e344150ff931c944bd5ba6
generated: "2022-11-22T00:06:23.650224954+03:00"
